// !$*UTF8*$!
{
	archiveVersion = 1;
	classes = {
	};
	objectVersion = 50;
	objects = {

/* Begin PBXBuildFile section */
		BA62A4B5260A6C380082E233 /* ConfigurationViewController.swift in Sources */ = {isa = PBXBuildFile; fileRef = BA62A4B4260A6C380082E233 /* ConfigurationViewController.swift */; };
		BA62A4BA260BA81B0082E233 /* CustomObserver.swift in Sources */ = {isa = PBXBuildFile; fileRef = BA62A4B9260BA81B0082E233 /* CustomObserver.swift */; };
		BAAC2400260CC096006B635E /* AddQuestionViewController.swift in Sources */ = {isa = PBXBuildFile; fileRef = BAAC23FF260CC096006B635E /* AddQuestionViewController.swift */; };
		BAAC2404260CC96F006B635E /* QuizStorage.swift in Sources */ = {isa = PBXBuildFile; fileRef = BAAC2403260CC96F006B635E /* QuizStorage.swift */; };
		BAAC2407260CC99D006B635E /* QuizRecord.swift in Sources */ = {isa = PBXBuildFile; fileRef = BAAC2406260CC99D006B635E /* QuizRecord.swift */; };
		BAB026BE2605ED1F00F5560F /* AppDelegate.swift in Sources */ = {isa = PBXBuildFile; fileRef = BAB026BD2605ED1F00F5560F /* AppDelegate.swift */; };
		BAB026C52605ED1F00F5560F /* Main.storyboard in Resources */ = {isa = PBXBuildFile; fileRef = BAB026C32605ED1F00F5560F /* Main.storyboard */; };
		BAB026C72605ED2C00F5560F /* Assets.xcassets in Resources */ = {isa = PBXBuildFile; fileRef = BAB026C62605ED2C00F5560F /* Assets.xcassets */; };
		BAB026CA2605ED2C00F5560F /* LaunchScreen.storyboard in Resources */ = {isa = PBXBuildFile; fileRef = BAB026C82605ED2C00F5560F /* LaunchScreen.storyboard */; };
		BAD654562606135B00501AA0 /* Question.swift in Sources */ = {isa = PBXBuildFile; fileRef = BAD654552606135B00501AA0 /* Question.swift */; };
		BAD6545B2606141C00501AA0 /* Game.swift in Sources */ = {isa = PBXBuildFile; fileRef = BAD6545A2606141C00501AA0 /* Game.swift */; };
		BAD6545E2606142600501AA0 /* GameSession.swift in Sources */ = {isa = PBXBuildFile; fileRef = BAD6545D2606142600501AA0 /* GameSession.swift */; };
		BAD65461260614DA00501AA0 /* QuizLogic.swift in Sources */ = {isa = PBXBuildFile; fileRef = BAD65460260614DA00501AA0 /* QuizLogic.swift */; };
		BAD6546626061DED00501AA0 /* GameViewController.swift in Sources */ = {isa = PBXBuildFile; fileRef = BAD6546526061DED00501AA0 /* GameViewController.swift */; };
		BAD65469260740E200501AA0 /* GameDelegate.swift in Sources */ = {isa = PBXBuildFile; fileRef = BAD65468260740E200501AA0 /* GameDelegate.swift */; };
		BAD6546D260763B200501AA0 /* MainViewController.swift in Sources */ = {isa = PBXBuildFile; fileRef = BAD6546C260763B200501AA0 /* MainViewController.swift */; };
		BAD654712607A29800501AA0 /* ScoreStorage.swift in Sources */ = {isa = PBXBuildFile; fileRef = BAD654702607A29800501AA0 /* ScoreStorage.swift */; };
		BAD654742607B17C00501AA0 /* Record.swift in Sources */ = {isa = PBXBuildFile; fileRef = BAD654732607B17C00501AA0 /* Record.swift */; };
		BAD654792607BBB800501AA0 /* ResultsTableViewCell.swift in Sources */ = {isa = PBXBuildFile; fileRef = BAD654782607BBB800501AA0 /* ResultsTableViewCell.swift */; };
		BAD6547C2607BBF700501AA0 /* ResultsTableViewController.swift in Sources */ = {isa = PBXBuildFile; fileRef = BAD6547B2607BBF700501AA0 /* ResultsTableViewController.swift */; };
/* End PBXBuildFile section */

/* Begin PBXFileReference section */
		BA62A4B4260A6C380082E233 /* ConfigurationViewController.swift */ = {isa = PBXFileReference; lastKnownFileType = sourcecode.swift; path = ConfigurationViewController.swift; sourceTree = "<group>"; };
		BA62A4B9260BA81B0082E233 /* CustomObserver.swift */ = {isa = PBXFileReference; lastKnownFileType = sourcecode.swift; path = CustomObserver.swift; sourceTree = "<group>"; };
		BAAC23FF260CC096006B635E /* AddQuestionViewController.swift */ = {isa = PBXFileReference; lastKnownFileType = sourcecode.swift; path = AddQuestionViewController.swift; sourceTree = "<group>"; };
		BAAC2403260CC96F006B635E /* QuizStorage.swift */ = {isa = PBXFileReference; lastKnownFileType = sourcecode.swift; path = QuizStorage.swift; sourceTree = "<group>"; };
		BAAC2406260CC99D006B635E /* QuizRecord.swift */ = {isa = PBXFileReference; lastKnownFileType = sourcecode.swift; path = QuizRecord.swift; sourceTree = "<group>"; };
		BAB026BA2605ED1F00F5560F /* QuizGame.app */ = {isa = PBXFileReference; explicitFileType = wrapper.application; includeInIndex = 0; path = QuizGame.app; sourceTree = BUILT_PRODUCTS_DIR; };
		BAB026BD2605ED1F00F5560F /* AppDelegate.swift */ = {isa = PBXFileReference; lastKnownFileType = sourcecode.swift; path = AppDelegate.swift; sourceTree = "<group>"; };
		BAB026C42605ED1F00F5560F /* Base */ = {isa = PBXFileReference; lastKnownFileType = file.storyboard; name = Base; path = Base.lproj/Main.storyboard; sourceTree = "<group>"; };
		BAB026C62605ED2C00F5560F /* Assets.xcassets */ = {isa = PBXFileReference; lastKnownFileType = folder.assetcatalog; path = Assets.xcassets; sourceTree = "<group>"; };
		BAB026C92605ED2C00F5560F /* Base */ = {isa = PBXFileReference; lastKnownFileType = file.storyboard; name = Base; path = Base.lproj/LaunchScreen.storyboard; sourceTree = "<group>"; };
		BAB026CB2605ED2C00F5560F /* Info.plist */ = {isa = PBXFileReference; lastKnownFileType = text.plist.xml; path = Info.plist; sourceTree = "<group>"; };
		BAD654552606135B00501AA0 /* Question.swift */ = {isa = PBXFileReference; lastKnownFileType = sourcecode.swift; path = Question.swift; sourceTree = "<group>"; };
		BAD6545A2606141C00501AA0 /* Game.swift */ = {isa = PBXFileReference; lastKnownFileType = sourcecode.swift; path = Game.swift; sourceTree = "<group>"; };
		BAD6545D2606142600501AA0 /* GameSession.swift */ = {isa = PBXFileReference; lastKnownFileType = sourcecode.swift; path = GameSession.swift; sourceTree = "<group>"; };
		BAD65460260614DA00501AA0 /* QuizLogic.swift */ = {isa = PBXFileReference; lastKnownFileType = sourcecode.swift; path = QuizLogic.swift; sourceTree = "<group>"; };
		BAD6546526061DED00501AA0 /* GameViewController.swift */ = {isa = PBXFileReference; lastKnownFileType = sourcecode.swift; path = GameViewController.swift; sourceTree = "<group>"; };
		BAD65468260740E200501AA0 /* GameDelegate.swift */ = {isa = PBXFileReference; lastKnownFileType = sourcecode.swift; path = GameDelegate.swift; sourceTree = "<group>"; };
		BAD6546C260763B200501AA0 /* MainViewController.swift */ = {isa = PBXFileReference; lastKnownFileType = sourcecode.swift; path = MainViewController.swift; sourceTree = "<group>"; };
		BAD654702607A29800501AA0 /* ScoreStorage.swift */ = {isa = PBXFileReference; lastKnownFileType = sourcecode.swift; path = ScoreStorage.swift; sourceTree = "<group>"; };
		BAD654732607B17C00501AA0 /* Record.swift */ = {isa = PBXFileReference; lastKnownFileType = sourcecode.swift; path = Record.swift; sourceTree = "<group>"; };
		BAD654782607BBB800501AA0 /* ResultsTableViewCell.swift */ = {isa = PBXFileReference; lastKnownFileType = sourcecode.swift; path = ResultsTableViewCell.swift; sourceTree = "<group>"; };
		BAD6547B2607BBF700501AA0 /* ResultsTableViewController.swift */ = {isa = PBXFileReference; lastKnownFileType = sourcecode.swift; path = ResultsTableViewController.swift; sourceTree = "<group>"; };
/* End PBXFileReference section */

/* Begin PBXFrameworksBuildPhase section */
		BAB026B72605ED1F00F5560F /* Frameworks */ = {
			isa = PBXFrameworksBuildPhase;
			buildActionMask = 2147483647;
			files = (
			);
			runOnlyForDeploymentPostprocessing = 0;
		};
/* End PBXFrameworksBuildPhase section */

/* Begin PBXGroup section */
		BA62A4B8260BA7EE0082E233 /* Observer */ = {
			isa = PBXGroup;
			children = (
				BA62A4B9260BA81B0082E233 /* CustomObserver.swift */,
			);
			path = Observer;
			sourceTree = "<group>";
		};
		BAAC2402260CC95B006B635E /* QuizStorage */ = {
			isa = PBXGroup;
			children = (
				BAAC2403260CC96F006B635E /* QuizStorage.swift */,
				BAAC2406260CC99D006B635E /* QuizRecord.swift */,
			);
			path = QuizStorage;
			sourceTree = "<group>";
		};
		BAB026B12605ED1F00F5560F = {
			isa = PBXGroup;
			children = (
				BAB026BC2605ED1F00F5560F /* QuizGame */,
				BAB026BB2605ED1F00F5560F /* Products */,
			);
			sourceTree = "<group>";
		};
		BAB026BB2605ED1F00F5560F /* Products */ = {
			isa = PBXGroup;
			children = (
				BAB026BA2605ED1F00F5560F /* QuizGame.app */,
			);
			name = Products;
			sourceTree = "<group>";
		};
		BAB026BC2605ED1F00F5560F /* QuizGame */ = {
			isa = PBXGroup;
			children = (
				BAAC2402260CC95B006B635E /* QuizStorage */,
				BA62A4B8260BA7EE0082E233 /* Observer */,
				BAD654762607BA5200501AA0 /* Cells */,
				BAD6546F260796A400501AA0 /* ScoreRecord */,
				BAD6546326061D9600501AA0 /* ViewControllers */,
				BAD654592606140B00501AA0 /* Game */,
				BAD654542606134400501AA0 /* Model */,
				BAB026BD2605ED1F00F5560F /* AppDelegate.swift */,
				BAB026C32605ED1F00F5560F /* Main.storyboard */,
				BAB026C62605ED2C00F5560F /* Assets.xcassets */,
				BAB026C82605ED2C00F5560F /* LaunchScreen.storyboard */,
				BAB026CB2605ED2C00F5560F /* Info.plist */,
			);
			path = QuizGame;
			sourceTree = "<group>";
		};
		BAD654542606134400501AA0 /* Model */ = {
			isa = PBXGroup;
			children = (
				BAD654552606135B00501AA0 /* Question.swift */,
				BAD65460260614DA00501AA0 /* QuizLogic.swift */,
			);
			path = Model;
			sourceTree = "<group>";
		};
		BAD654592606140B00501AA0 /* Game */ = {
			isa = PBXGroup;
			children = (
				BAD6545A2606141C00501AA0 /* Game.swift */,
				BAD6545D2606142600501AA0 /* GameSession.swift */,
				BAD65468260740E200501AA0 /* GameDelegate.swift */,
			);
			path = Game;
			sourceTree = "<group>";
		};
		BAD6546326061D9600501AA0 /* ViewControllers */ = {
			isa = PBXGroup;
			children = (
				BAD6546526061DED00501AA0 /* GameViewController.swift */,
				BAD6546C260763B200501AA0 /* MainViewController.swift */,
				BAD6547B2607BBF700501AA0 /* ResultsTableViewController.swift */,
				BA62A4B4260A6C380082E233 /* ConfigurationViewController.swift */,
				BAAC23FF260CC096006B635E /* AddQuestionViewController.swift */,
			);
			path = ViewControllers;
			sourceTree = "<group>";
		};
		BAD6546F260796A400501AA0 /* ScoreRecord */ = {
			isa = PBXGroup;
			children = (
				BAD654702607A29800501AA0 /* ScoreStorage.swift */,
				BAD654732607B17C00501AA0 /* Record.swift */,
			);
			path = ScoreRecord;
			sourceTree = "<group>";
		};
		BAD654762607BA5200501AA0 /* Cells */ = {
			isa = PBXGroup;
			children = (
				BAD654782607BBB800501AA0 /* ResultsTableViewCell.swift */,
			);
			path = Cells;
			sourceTree = "<group>";
		};
/* End PBXGroup section */

/* Begin PBXNativeTarget section */
		BAB026B92605ED1F00F5560F /* QuizGame */ = {
			isa = PBXNativeTarget;
			buildConfigurationList = BAB026CE2605ED2C00F5560F /* Build configuration list for PBXNativeTarget "QuizGame" */;
			buildPhases = (
				BAB026B62605ED1F00F5560F /* Sources */,
				BAB026B72605ED1F00F5560F /* Frameworks */,
				BAB026B82605ED1F00F5560F /* Resources */,
			);
			buildRules = (
			);
			dependencies = (
			);
			name = QuizGame;
			productName = QuizGame;
			productReference = BAB026BA2605ED1F00F5560F /* QuizGame.app */;
			productType = "com.apple.product-type.application";
		};
/* End PBXNativeTarget section */

/* Begin PBXProject section */
		BAB026B22605ED1F00F5560F /* Project object */ = {
			isa = PBXProject;
			attributes = {
				LastSwiftUpdateCheck = 1240;
				LastUpgradeCheck = 1240;
				TargetAttributes = {
					BAB026B92605ED1F00F5560F = {
						CreatedOnToolsVersion = 12.4;
					};
				};
			};
			buildConfigurationList = BAB026B52605ED1F00F5560F /* Build configuration list for PBXProject "QuizGame" */;
			compatibilityVersion = "Xcode 9.3";
			developmentRegion = en;
			hasScannedForEncodings = 0;
			knownRegions = (
				en,
				Base,
			);
			mainGroup = BAB026B12605ED1F00F5560F;
			productRefGroup = BAB026BB2605ED1F00F5560F /* Products */;
			projectDirPath = "";
			projectRoot = "";
			targets = (
				BAB026B92605ED1F00F5560F /* QuizGame */,
			);
		};
/* End PBXProject section */

/* Begin PBXResourcesBuildPhase section */
		BAB026B82605ED1F00F5560F /* Resources */ = {
			isa = PBXResourcesBuildPhase;
			buildActionMask = 2147483647;
			files = (
				BAB026CA2605ED2C00F5560F /* LaunchScreen.storyboard in Resources */,
				BAB026C72605ED2C00F5560F /* Assets.xcassets in Resources */,
				BAB026C52605ED1F00F5560F /* Main.storyboard in Resources */,
			);
			runOnlyForDeploymentPostprocessing = 0;
		};
/* End PBXResourcesBuildPhase section */

/* Begin PBXSourcesBuildPhase section */
		BAB026B62605ED1F00F5560F /* Sources */ = {
			isa = PBXSourcesBuildPhase;
			buildActionMask = 2147483647;
			files = (
				BAD6546626061DED00501AA0 /* GameViewController.swift in Sources */,
				BAD6545B2606141C00501AA0 /* Game.swift in Sources */,
				BAAC2400260CC096006B635E /* AddQuestionViewController.swift in Sources */,
				BAD654792607BBB800501AA0 /* ResultsTableViewCell.swift in Sources */,
				BAD65469260740E200501AA0 /* GameDelegate.swift in Sources */,
				BA62A4B5260A6C380082E233 /* ConfigurationViewController.swift in Sources */,
				BAD654562606135B00501AA0 /* Question.swift in Sources */,
				BAB026BE2605ED1F00F5560F /* AppDelegate.swift in Sources */,
				BAD65461260614DA00501AA0 /* QuizLogic.swift in Sources */,
				BA62A4BA260BA81B0082E233 /* CustomObserver.swift in Sources */,
				BAAC2404260CC96F006B635E /* QuizStorage.swift in Sources */,
				BAD6547C2607BBF700501AA0 /* ResultsTableViewController.swift in Sources */,
				BAAC2407260CC99D006B635E /* QuizRecord.swift in Sources */,
				BAD654742607B17C00501AA0 /* Record.swift in Sources */,
				BAD6546D260763B200501AA0 /* MainViewController.swift in Sources */,
				BAD6545E2606142600501AA0 /* GameSession.swift in Sources */,
				BAD654712607A29800501AA0 /* ScoreStorage.swift in Sources */,
			);
			runOnlyForDeploymentPostprocessing = 0;
		};
/* End PBXSourcesBuildPhase section */

/* Begin PBXVariantGroup section */
		BAB026C32605ED1F00F5560F /* Main.storyboard */ = {
			isa = PBXVariantGroup;
			children = (
				BAB026C42605ED1F00F5560F /* Base */,
			);
			name = Main.storyboard;
			sourceTree = "<group>";
		};
		BAB026C82605ED2C00F5560F /* LaunchScreen.storyboard */ = {
			isa = PBXVariantGroup;
			children = (
				BAB026C92605ED2C00F5560F /* Base */,
			);
			name = LaunchScreen.storyboard;
			sourceTree = "<group>";
		};
/* End PBXVariantGroup section */

/* Begin XCBuildConfiguration section */
		BAB026CC2605ED2C00F5560F /* Debug */ = {
			isa = XCBuildConfiguration;
			buildSettings = {
				ALWAYS_SEARCH_USER_PATHS = NO;
				CLANG_ANALYZER_NONNULL = YES;
				CLANG_ANALYZER_NUMBER_OBJECT_CONVERSION = YES_AGGRESSIVE;
				CLANG_CXX_LANGUAGE_STANDARD = "gnu++14";
				CLANG_CXX_LIBRARY = "libc++";
				CLANG_ENABLE_MODULES = YES;
				CLANG_ENABLE_OBJC_ARC = YES;
				CLANG_ENABLE_OBJC_WEAK = YES;
				CLANG_WARN_BLOCK_CAPTURE_AUTORELEASING = YES;
				CLANG_WARN_BOOL_CONVERSION = YES;
				CLANG_WARN_COMMA = YES;
				CLANG_WARN_CONSTANT_CONVERSION = YES;
				CLANG_WARN_DEPRECATED_OBJC_IMPLEMENTATIONS = YES;
				CLANG_WARN_DIRECT_OBJC_ISA_USAGE = YES_ERROR;
				CLANG_WARN_DOCUMENTATION_COMMENTS = YES;
				CLANG_WARN_EMPTY_BODY = YES;
				CLANG_WARN_ENUM_CONVERSION = YES;
				CLANG_WARN_INFINITE_RECURSION = YES;
				CLANG_WARN_INT_CONVERSION = YES;
				CLANG_WARN_NON_LITERAL_NULL_CONVERSION = YES;
				CLANG_WARN_OBJC_IMPLICIT_RETAIN_SELF = YES;
				CLANG_WARN_OBJC_LITERAL_CONVERSION = YES;
				CLANG_WARN_OBJC_ROOT_CLASS = YES_ERROR;
				CLANG_WARN_QUOTED_INCLUDE_IN_FRAMEWORK_HEADER = YES;
				CLANG_WARN_RANGE_LOOP_ANALYSIS = YES;
				CLANG_WARN_STRICT_PROTOTYPES = YES;
				CLANG_WARN_SUSPICIOUS_MOVE = YES;
				CLANG_WARN_UNGUARDED_AVAILABILITY = YES_AGGRESSIVE;
				CLANG_WARN_UNREACHABLE_CODE = YES;
				CLANG_WARN__DUPLICATE_METHOD_MATCH = YES;
				COPY_PHASE_STRIP = NO;
				DEBUG_INFORMATION_FORMAT = dwarf;
				ENABLE_STRICT_OBJC_MSGSEND = YES;
				ENABLE_TESTABILITY = YES;
				GCC_C_LANGUAGE_STANDARD = gnu11;
				GCC_DYNAMIC_NO_PIC = NO;
				GCC_NO_COMMON_BLOCKS = YES;
				GCC_OPTIMIZATION_LEVEL = 0;
				GCC_PREPROCESSOR_DEFINITIONS = (
					"DEBUG=1",
					"$(inherited)",
				);
				GCC_WARN_64_TO_32_BIT_CONVERSION = YES;
				GCC_WARN_ABOUT_RETURN_TYPE = YES_ERROR;
				GCC_WARN_UNDECLARED_SELECTOR = YES;
				GCC_WARN_UNINITIALIZED_AUTOS = YES_AGGRESSIVE;
				GCC_WARN_UNUSED_FUNCTION = YES;
				GCC_WARN_UNUSED_VARIABLE = YES;
				IPHONEOS_DEPLOYMENT_TARGET = 14.4;
				MTL_ENABLE_DEBUG_INFO = INCLUDE_SOURCE;
				MTL_FAST_MATH = YES;
				ONLY_ACTIVE_ARCH = YES;
				SDKROOT = iphoneos;
				SWIFT_ACTIVE_COMPILATION_CONDITIONS = DEBUG;
				SWIFT_OPTIMIZATION_LEVEL = "-Onone";
			};
			name = Debug;
		};
		BAB026CD2605ED2C00F5560F /* Release */ = {
			isa = XCBuildConfiguration;
			buildSettings = {
				ALWAYS_SEARCH_USER_PATHS = NO;
				CLANG_ANALYZER_NONNULL = YES;
				CLANG_ANALYZER_NUMBER_OBJECT_CONVERSION = YES_AGGRESSIVE;
				CLANG_CXX_LANGUAGE_STANDARD = "gnu++14";
				CLANG_CXX_LIBRARY = "libc++";
				CLANG_ENABLE_MODULES = YES;
				CLANG_ENABLE_OBJC_ARC = YES;
				CLANG_ENABLE_OBJC_WEAK = YES;
				CLANG_WARN_BLOCK_CAPTURE_AUTORELEASING = YES;
				CLANG_WARN_BOOL_CONVERSION = YES;
				CLANG_WARN_COMMA = YES;
				CLANG_WARN_CONSTANT_CONVERSION = YES;
				CLANG_WARN_DEPRECATED_OBJC_IMPLEMENTATIONS = YES;
				CLANG_WARN_DIRECT_OBJC_ISA_USAGE = YES_ERROR;
				CLANG_WARN_DOCUMENTATION_COMMENTS = YES;
				CLANG_WARN_EMPTY_BODY = YES;
				CLANG_WARN_ENUM_CONVERSION = YES;
				CLANG_WARN_INFINITE_RECURSION = YES;
				CLANG_WARN_INT_CONVERSION = YES;
				CLANG_WARN_NON_LITERAL_NULL_CONVERSION = YES;
				CLANG_WARN_OBJC_IMPLICIT_RETAIN_SELF = YES;
				CLANG_WARN_OBJC_LITERAL_CONVERSION = YES;
				CLANG_WARN_OBJC_ROOT_CLASS = YES_ERROR;
				CLANG_WARN_QUOTED_INCLUDE_IN_FRAMEWORK_HEADER = YES;
				CLANG_WARN_RANGE_LOOP_ANALYSIS = YES;
				CLANG_WARN_STRICT_PROTOTYPES = YES;
				CLANG_WARN_SUSPICIOUS_MOVE = YES;
				CLANG_WARN_UNGUARDED_AVAILABILITY = YES_AGGRESSIVE;
				CLANG_WARN_UNREACHABLE_CODE = YES;
				CLANG_WARN__DUPLICATE_METHOD_MATCH = YES;
				COPY_PHASE_STRIP = NO;
				DEBUG_INFORMATION_FORMAT = "dwarf-with-dsym";
				ENABLE_NS_ASSERTIONS = NO;
				ENABLE_STRICT_OBJC_MSGSEND = YES;
				GCC_C_LANGUAGE_STANDARD = gnu11;
				GCC_NO_COMMON_BLOCKS = YES;
				GCC_WARN_64_TO_32_BIT_CONVERSION = YES;
				GCC_WARN_ABOUT_RETURN_TYPE = YES_ERROR;
				GCC_WARN_UNDECLARED_SELECTOR = YES;
				GCC_WARN_UNINITIALIZED_AUTOS = YES_AGGRESSIVE;
				GCC_WARN_UNUSED_FUNCTION = YES;
				GCC_WARN_UNUSED_VARIABLE = YES;
				IPHONEOS_DEPLOYMENT_TARGET = 14.4;
				MTL_ENABLE_DEBUG_INFO = NO;
				MTL_FAST_MATH = YES;
				SDKROOT = iphoneos;
				SWIFT_COMPILATION_MODE = wholemodule;
				SWIFT_OPTIMIZATION_LEVEL = "-O";
				VALIDATE_PRODUCT = YES;
			};
			name = Release;
		};
		BAB026CF2605ED2C00F5560F /* Debug */ = {
			isa = XCBuildConfiguration;
			buildSettings = {
				ASSETCATALOG_COMPILER_APPICON_NAME = AppIcon;
				ASSETCATALOG_COMPILER_GLOBAL_ACCENT_COLOR_NAME = AccentColor;
				CODE_SIGN_STYLE = Automatic;
				DEVELOPMENT_TEAM = KB66U8JA8X;
				INFOPLIST_FILE = QuizGame/Info.plist;
				LD_RUNPATH_SEARCH_PATHS = (
					"$(inherited)",
					"@executable_path/Frameworks",
				);
				PRODUCT_BUNDLE_IDENTIFIER = com.coolgames.QuizGame;
				PRODUCT_NAME = "$(TARGET_NAME)";
				SWIFT_VERSION = 5.0;
				TARGETED_DEVICE_FAMILY = "1,2";
			};
			name = Debug;
		};
		BAB026D02605ED2C00F5560F /* Release */ = {
			isa = XCBuildConfiguration;
			buildSettings = {
				ASSETCATALOG_COMPILER_APPICON_NAME = AppIcon;
				ASSETCATALOG_COMPILER_GLOBAL_ACCENT_COLOR_NAME = AccentColor;
				CODE_SIGN_STYLE = Automatic;
				DEVELOPMENT_TEAM = KB66U8JA8X;
				INFOPLIST_FILE = QuizGame/Info.plist;
				LD_RUNPATH_SEARCH_PATHS = (
					"$(inherited)",
					"@executable_path/Frameworks",
				);
				PRODUCT_BUNDLE_IDENTIFIER = com.coolgames.QuizGame;
				PRODUCT_NAME = "$(TARGET_NAME)";
				SWIFT_VERSION = 5.0;
				TARGETED_DEVICE_FAMILY = "1,2";
			};
			name = Release;
		};
/* End XCBuildConfiguration section */

/* Begin XCConfigurationList section */
		BAB026B52605ED1F00F5560F /* Build configuration list for PBXProject "QuizGame" */ = {
			isa = XCConfigurationList;
			buildConfigurations = (
				BAB026CC2605ED2C00F5560F /* Debug */,
				BAB026CD2605ED2C00F5560F /* Release */,
			);
			defaultConfigurationIsVisible = 0;
			defaultConfigurationName = Release;
		};
		BAB026CE2605ED2C00F5560F /* Build configuration list for PBXNativeTarget "QuizGame" */ = {
			isa = XCConfigurationList;
			buildConfigurations = (
				BAB026CF2605ED2C00F5560F /* Debug */,
				BAB026D02605ED2C00F5560F /* Release */,
			);
			defaultConfigurationIsVisible = 0;
			defaultConfigurationName = Release;
		};
/* End XCConfigurationList section */
	};
	rootObject = BAB026B22605ED1F00F5560F /* Project object */;
}
